
Microsoft Visual Studio Solution File, Format Version 12.00
# Visual Studio Version 17
VisualStudioVersion = 17.3.32901.215
MinimumVisualStudioVersion = 10.0.40219.1
Project("{FAE04EC0-301F-11D3-BF4B-00C04F79EFBC}") = "TestBlog", "TestBlog\TestBlog.csproj", "{2C87EC0B-B53B-48AA-B640-14E3EBCC375B}"
EndProject
Global
	GlobalSection(SolutionConfigurationPlatforms) = preSolution
		Debug|Any CPU = Debug|Any CPU
		Release|Any CPU = Release|Any CPU
	EndGlobalSection
	GlobalSection(ProjectConfigurationPlatforms) = postSolution
		{2C87EC0B-B53B-48AA-B640-14E3EBCC375B}.Debug|Any CPU.ActiveCfg = Debug|Any CPU
		{2C87EC0B-B53B-48AA-B640-14E3EBCC375B}.Debug|Any CPU.Build.0 = Debug|Any CPU
		{2C87EC0B-B53B-48AA-B640-14E3EBCC375B}.Release|Any CPU.ActiveCfg = Release|Any CPU
		{2C87EC0B-B53B-48AA-B640-14E3EBCC375B}.Release|Any CPU.Build.0 = Release|Any CPU
	EndGlobalSection
	GlobalSection(SolutionProperties) = preSolution
		HideSolutionNode = FALSE
	EndGlobalSection
	GlobalSection(ExtensibilityGlobals) = postSolution
		SolutionGuid = {D25F7A8E-E42E-4A66-9AA3-64839D1E2DF1}
	EndGlobalSection
EndGlobal
